{
  "name": "falcon-eye",
  "version": "1.0.0",
  "lockfileVersion": 1,
  "requires": true,
  "dependencies": {
    "persistent-typescript": {
      "version": "1.0.0",
      "resolved": "https://registry.npmjs.org/persistent-typescript/-/persistent-typescript-1.0.0.tgz",
      "integrity": "sha512-VOv16RlH2/QXYMVD4UXTf/ePlDhnaWNMHdJ0FwNtuJWA4enWAXaMS9K2+JGubWTiuOLtoMcFX6qUGFHEduDD0w==",
      "requires": {
        "process": "^0.11.10"
      }
    },
    "process": {
      "version": "0.11.10",
      "resolved": "https://registry.npmjs.org/process/-/process-0.11.10.tgz",
      "integrity": "sha1-czIwDoQBYb2j5podHZGn1LwW8YI="
    }
  }
}
